{
  "name": "@jmshal/cloudflare-workers-router",
  "version": "1.0.0",
  "lockfileVersion": 1,
  "requires": true,
  "dependencies": {
    "@jmshal/find-my-way-dist": {
      "version": "1.0.4",
      "resolved": "https://registry.npmjs.org/@jmshal/find-my-way-dist/-/find-my-way-dist-1.0.4.tgz",
      "integrity": "sha512-nK99cN2C+rKE0pGhBiaDD8ySyA1OFGgwjdFSG7c5mEEiCBctIUHESxuq1n6OhkYfMim2TntEBIQbQxh3UIR63w==",
      "requires": {
        "@types/node": "^12.12.14"
      }
    },
    "@types/node": {
      "version": "12.12.14",
      "resolved": "https://registry.npmjs.org/@types/node/-/node-12.12.14.tgz",
      "integrity": "sha512-u/SJDyXwuihpwjXy7hOOghagLEV1KdAST6syfnOk6QZAMzZuWZqXy5aYYZbh8Jdpd4escVFP0MvftHNDb9pruA=="
    },
    "typescript": {
      "version": "3.7.3",
      "resolved": "https://registry.npmjs.org/typescript/-/typescript-3.7.3.tgz",
      "integrity": "sha512-Mcr/Qk7hXqFBXMN7p7Lusj1ktCBydylfQM/FZCk5glCNQJrCUKPkMHdo9R0MTFWsC/4kPFvDS0fDPvukfCkFsw==",
      "dev": true
    }
  }
}
